
Microsoft Visual Studio Solution File, Format Version 12.00
Project("{FAE04EC0-301F-11D3-BF4B-00C04F79EFBC}") = "aletrail-api", "aletrail-api.csproj", "{2695ECC6-30ED-47AF-971F-3342039E5DC8}"
EndProject
Project("{2150E333-8FDC-42A3-9474-1A3956D46DE8}") = "Solution Items", "Solution Items", "{066DE01C-300B-452B-80C0-09E87EC54ACC}"
	ProjectSection(SolutionItems) = preProject
		compose.yaml = compose.yaml
	EndProjectSection
EndProject
Global
	GlobalSection(SolutionConfigurationPlatforms) = preSolution
		Debug|Any CPU = Debug|Any CPU
		Release|Any CPU = Release|Any CPU
	EndGlobalSection
	GlobalSection(ProjectConfigurationPlatforms) = postSolution
		{2695ECC6-30ED-47AF-971F-3342039E5DC8}.Debug|Any CPU.ActiveCfg = Debug|Any CPU
		{2695ECC6-30ED-47AF-971F-3342039E5DC8}.Debug|Any CPU.Build.0 = Debug|Any CPU
		{2695ECC6-30ED-47AF-971F-3342039E5DC8}.Release|Any CPU.ActiveCfg = Release|Any CPU
		{2695ECC6-30ED-47AF-971F-3342039E5DC8}.Release|Any CPU.Build.0 = Release|Any CPU
	EndGlobalSection
EndGlobal
